
Microsoft Visual Studio Solution File, Format Version 12.00
# Visual Studio 15
VisualStudioVersion = 15.0.27703.2042
MinimumVisualStudioVersion = 10.0.40219.1
Project("{9A19103F-16F7-4668-BE54-9A1E7A4F7556}") = "Pronostieken.API", "Pronostieken.API\Pronostieken.API.csproj", "{24DD8B7E-3AD2-43FC-949F-E481A161DFF0}"
EndProject
Project("{E53339B2-1760-4266-BCC7-CA923CBCF16C}") = "docker-compose", "docker-compose.dcproj", "{BB9588DE-BCFB-4BB7-A009-F0782FB452D4}"
EndProject
Global
	GlobalSection(SolutionConfigurationPlatforms) = preSolution
		Debug|Any CPU = Debug|Any CPU
		Release|Any CPU = Release|Any CPU
	EndGlobalSection
	GlobalSection(ProjectConfigurationPlatforms) = postSolution
		{24DD8B7E-3AD2-43FC-949F-E481A161DFF0}.Debug|Any CPU.ActiveCfg = Debug|Any CPU
		{24DD8B7E-3AD2-43FC-949F-E481A161DFF0}.Debug|Any CPU.Build.0 = Debug|Any CPU
		{24DD8B7E-3AD2-43FC-949F-E481A161DFF0}.Release|Any CPU.ActiveCfg = Release|Any CPU
		{24DD8B7E-3AD2-43FC-949F-E481A161DFF0}.Release|Any CPU.Build.0 = Release|Any CPU
		{BB9588DE-BCFB-4BB7-A009-F0782FB452D4}.Debug|Any CPU.ActiveCfg = Debug|Any CPU
		{BB9588DE-BCFB-4BB7-A009-F0782FB452D4}.Debug|Any CPU.Build.0 = Debug|Any CPU
		{BB9588DE-BCFB-4BB7-A009-F0782FB452D4}.Release|Any CPU.ActiveCfg = Release|Any CPU
		{BB9588DE-BCFB-4BB7-A009-F0782FB452D4}.Release|Any CPU.Build.0 = Release|Any CPU
	EndGlobalSection
	GlobalSection(SolutionProperties) = preSolution
		HideSolutionNode = FALSE
	EndGlobalSection
	GlobalSection(ExtensibilityGlobals) = postSolution
		SolutionGuid = {A8AEAECC-F7EC-4A9F-81D3-478A7854ED70}
	EndGlobalSection
EndGlobal
